// !$*UTF8*$!
{
	archiveVersion = 1;
	classes = {
	};
	objectVersion = 56;
	objects = {

/* Begin PBXBuildFile section */
		9FA0FC9A295B731900114537 /* CoffeeOrderingApp.swift in Sources */ = {isa = PBXBuildFile; fileRef = 9FA0FC99295B731900114537 /* CoffeeOrderingApp.swift */; };
		9FA0FC9C295B731900114537 /* ContentView.swift in Sources */ = {isa = PBXBuildFile; fileRef = 9FA0FC9B295B731900114537 /* ContentView.swift */; };
		9FA0FC9E295B731A00114537 /* Assets.xcassets in Resources */ = {isa = PBXBuildFile; fileRef = 9FA0FC9D295B731A00114537 /* Assets.xcassets */; };
		9FA0FCA1295B731A00114537 /* Preview Assets.xcassets in Resources */ = {isa = PBXBuildFile; fileRef = 9FA0FCA0295B731A00114537 /* Preview Assets.xcassets */; };
		9FA0FCA9295B736700114537 /* Coffee.swift in Sources */ = {isa = PBXBuildFile; fileRef = 9FA0FCA8295B736700114537 /* Coffee.swift */; };
		9FA0FCAB295B7EFD00114537 /* Order.swift in Sources */ = {isa = PBXBuildFile; fileRef = 9FA0FCAA295B7EFD00114537 /* Order.swift */; };
		9FA0FCAE295B80E100114537 /* WebService.swift in Sources */ = {isa = PBXBuildFile; fileRef = 9FA0FCAD295B80E100114537 /* WebService.swift */; };
		9FA0FCB2295B8AE900114537 /* OrderListViewModel.swift in Sources */ = {isa = PBXBuildFile; fileRef = 9FA0FCB1295B8AE900114537 /* OrderListViewModel.swift */; };
		9FA0FCB5295B8C2F00114537 /* OrderListView.swift in Sources */ = {isa = PBXBuildFile; fileRef = 9FA0FCB4295B8C2F00114537 /* OrderListView.swift */; };
		9FA0FCB7295B90E700114537 /* CreateOrderResponse.swift in Sources */ = {isa = PBXBuildFile; fileRef = 9FA0FCB6295B90E700114537 /* CreateOrderResponse.swift */; };
		9FC8FAE32963363F004707AF /* AddCoffeeOrderViewModel.swift in Sources */ = {isa = PBXBuildFile; fileRef = 9FC8FAE22963363E004707AF /* AddCoffeeOrderViewModel.swift */; };
		9FC8FAE529633919004707AF /* CoffeeViewModel.swift in Sources */ = {isa = PBXBuildFile; fileRef = 9FC8FAE429633919004707AF /* CoffeeViewModel.swift */; };
		9FC8FAE729633C2C004707AF /* AddCoffeeOrderView.swift in Sources */ = {isa = PBXBuildFile; fileRef = 9FC8FAE629633C2C004707AF /* AddCoffeeOrderView.swift */; };
		9FC8FAE929634584004707AF /* OrderTotalView.swift in Sources */ = {isa = PBXBuildFile; fileRef = 9FC8FAE829634584004707AF /* OrderTotalView.swift */; };
/* End PBXBuildFile section */

/* Begin PBXFileReference section */
		9FA0FC96295B731900114537 /* CoffeeOrdering.app */ = {isa = PBXFileReference; explicitFileType = wrapper.application; includeInIndex = 0; path = CoffeeOrdering.app; sourceTree = BUILT_PRODUCTS_DIR; };
		9FA0FC99295B731900114537 /* CoffeeOrderingApp.swift */ = {isa = PBXFileReference; lastKnownFileType = sourcecode.swift; path = CoffeeOrderingApp.swift; sourceTree = "<group>"; };
		9FA0FC9B295B731900114537 /* ContentView.swift */ = {isa = PBXFileReference; lastKnownFileType = sourcecode.swift; path = ContentView.swift; sourceTree = "<group>"; };
		9FA0FC9D295B731A00114537 /* Assets.xcassets */ = {isa = PBXFileReference; lastKnownFileType = folder.assetcatalog; path = Assets.xcassets; sourceTree = "<group>"; };
		9FA0FCA0295B731A00114537 /* Preview Assets.xcassets */ = {isa = PBXFileReference; lastKnownFileType = folder.assetcatalog; path = "Preview Assets.xcassets"; sourceTree = "<group>"; };
		9FA0FCA8295B736700114537 /* Coffee.swift */ = {isa = PBXFileReference; indentWidth = 3; lastKnownFileType = sourcecode.swift; path = Coffee.swift; sourceTree = "<group>"; };
		9FA0FCAA295B7EFD00114537 /* Order.swift */ = {isa = PBXFileReference; lastKnownFileType = sourcecode.swift; path = Order.swift; sourceTree = "<group>"; };
		9FA0FCAD295B80E100114537 /* WebService.swift */ = {isa = PBXFileReference; lastKnownFileType = sourcecode.swift; path = WebService.swift; sourceTree = "<group>"; };
		9FA0FCAF295B82BB00114537 /* Info.plist */ = {isa = PBXFileReference; lastKnownFileType = text.plist; path = Info.plist; sourceTree = "<group>"; };
		9FA0FCB1295B8AE900114537 /* OrderListViewModel.swift */ = {isa = PBXFileReference; lastKnownFileType = sourcecode.swift; path = OrderListViewModel.swift; sourceTree = "<group>"; };
		9FA0FCB4295B8C2F00114537 /* OrderListView.swift */ = {isa = PBXFileReference; lastKnownFileType = sourcecode.swift; path = OrderListView.swift; sourceTree = "<group>"; };
		9FA0FCB6295B90E700114537 /* CreateOrderResponse.swift */ = {isa = PBXFileReference; lastKnownFileType = sourcecode.swift; path = CreateOrderResponse.swift; sourceTree = "<group>"; };
		9FC8FAE22963363E004707AF /* AddCoffeeOrderViewModel.swift */ = {isa = PBXFileReference; lastKnownFileType = sourcecode.swift; path = AddCoffeeOrderViewModel.swift; sourceTree = "<group>"; };
		9FC8FAE429633919004707AF /* CoffeeViewModel.swift */ = {isa = PBXFileReference; lastKnownFileType = sourcecode.swift; path = CoffeeViewModel.swift; sourceTree = "<group>"; };
		9FC8FAE629633C2C004707AF /* AddCoffeeOrderView.swift */ = {isa = PBXFileReference; lastKnownFileType = sourcecode.swift; path = AddCoffeeOrderView.swift; sourceTree = "<group>"; };
		9FC8FAE829634584004707AF /* OrderTotalView.swift */ = {isa = PBXFileReference; lastKnownFileType = sourcecode.swift; path = OrderTotalView.swift; sourceTree = "<group>"; };
/* End PBXFileReference section */

/* Begin PBXFrameworksBuildPhase section */
		9FA0FC93295B731900114537 /* Frameworks */ = {
			isa = PBXFrameworksBuildPhase;
			buildActionMask = 2147483647;
			files = (
			);
			runOnlyForDeploymentPostprocessing = 0;
		};
/* End PBXFrameworksBuildPhase section */

/* Begin PBXGroup section */
		9FA0FC8D295B731900114537 = {
			isa = PBXGroup;
			children = (
				9FA0FC98295B731900114537 /* CoffeeOrdering */,
				9FA0FC97295B731900114537 /* Products */,
			);
			sourceTree = "<group>";
		};
		9FA0FC97295B731900114537 /* Products */ = {
			isa = PBXGroup;
			children = (
				9FA0FC96295B731900114537 /* CoffeeOrdering.app */,
			);
			name = Products;
			sourceTree = "<group>";
		};
		9FA0FC98295B731900114537 /* CoffeeOrdering */ = {
			isa = PBXGroup;
			children = (
				9FA0FCB3295B8C1600114537 /* Views */,
				9FA0FCB0295B8AD800114537 /* ViewModels */,
				9FA0FCAF295B82BB00114537 /* Info.plist */,
				9FA0FCAC295B80CF00114537 /* Services */,
				9FA0FCA7295B733400114537 /* Models */,
				9FA0FC99295B731900114537 /* CoffeeOrderingApp.swift */,
				9FA0FC9B295B731900114537 /* ContentView.swift */,
				9FA0FC9D295B731A00114537 /* Assets.xcassets */,
				9FA0FC9F295B731A00114537 /* Preview Content */,
			);
			path = CoffeeOrdering;
			sourceTree = "<group>";
		};
		9FA0FC9F295B731A00114537 /* Preview Content */ = {
			isa = PBXGroup;
			children = (
				9FA0FCA0295B731A00114537 /* Preview Assets.xcassets */,
			);
			path = "Preview Content";
			sourceTree = "<group>";
		};
		9FA0FCA7295B733400114537 /* Models */ = {
			isa = PBXGroup;
			children = (
				9FA0FCA8295B736700114537 /* Coffee.swift */,
				9FA0FCAA295B7EFD00114537 /* Order.swift */,
				9FA0FCB6295B90E700114537 /* CreateOrderResponse.swift */,
			);
			path = Models;
			sourceTree = "<group>";
		};
		9FA0FCAC295B80CF00114537 /* Services */ = {
			isa = PBXGroup;
			children = (
				9FA0FCAD295B80E100114537 /* WebService.swift */,
			);
			path = Services;
			sourceTree = "<group>";
		};
		9FA0FCB0295B8AD800114537 /* ViewModels */ = {
			isa = PBXGroup;
			children = (
				9FA0FCB1295B8AE900114537 /* OrderListViewModel.swift */,
				9FC8FAE22963363E004707AF /* AddCoffeeOrderViewModel.swift */,
				9FC8FAE429633919004707AF /* CoffeeViewModel.swift */,
			);
			path = ViewModels;
			sourceTree = "<group>";
		};
		9FA0FCB3295B8C1600114537 /* Views */ = {
			isa = PBXGroup;
			children = (
				9FA0FCB4295B8C2F00114537 /* OrderListView.swift */,
				9FC8FAE629633C2C004707AF /* AddCoffeeOrderView.swift */,
				9FC8FAE829634584004707AF /* OrderTotalView.swift */,
			);
			path = Views;
			sourceTree = "<group>";
		};
/* End PBXGroup section */

/* Begin PBXNativeTarget section */
		9FA0FC95295B731900114537 /* CoffeeOrdering */ = {
			isa = PBXNativeTarget;
			buildConfigurationList = 9FA0FCA4295B731A00114537 /* Build configuration list for PBXNativeTarget "CoffeeOrdering" */;
			buildPhases = (
				9FA0FC92295B731900114537 /* Sources */,
				9FA0FC93295B731900114537 /* Frameworks */,
				9FA0FC94295B731900114537 /* Resources */,
			);
			buildRules = (
			);
			dependencies = (
			);
			name = CoffeeOrdering;
			productName = CoffeeOrdering;
			productReference = 9FA0FC96295B731900114537 /* CoffeeOrdering.app */;
			productType = "com.apple.product-type.application";
		};
/* End PBXNativeTarget section */

/* Begin PBXProject section */
		9FA0FC8E295B731900114537 /* Project object */ = {
			isa = PBXProject;
			attributes = {
				BuildIndependentTargetsInParallel = 1;
				LastSwiftUpdateCheck = 1420;
				LastUpgradeCheck = 1420;
				TargetAttributes = {
					9FA0FC95295B731900114537 = {
						CreatedOnToolsVersion = 14.2;
					};
				};
			};
			buildConfigurationList = 9FA0FC91295B731900114537 /* Build configuration list for PBXProject "CoffeeOrdering" */;
			compatibilityVersion = "Xcode 14.0";
			developmentRegion = en;
			hasScannedForEncodings = 0;
			knownRegions = (
				en,
				Base,
			);
			mainGroup = 9FA0FC8D295B731900114537;
			productRefGroup = 9FA0FC97295B731900114537 /* Products */;
			projectDirPath = "";
			projectRoot = "";
			targets = (
				9FA0FC95295B731900114537 /* CoffeeOrdering */,
			);
		};
/* End PBXProject section */

/* Begin PBXResourcesBuildPhase section */
		9FA0FC94295B731900114537 /* Resources */ = {
			isa = PBXResourcesBuildPhase;
			buildActionMask = 2147483647;
			files = (
				9FA0FCA1295B731A00114537 /* Preview Assets.xcassets in Resources */,
				9FA0FC9E295B731A00114537 /* Assets.xcassets in Resources */,
			);
			runOnlyForDeploymentPostprocessing = 0;
		};
/* End PBXResourcesBuildPhase section */

/* Begin PBXSourcesBuildPhase section */
		9FA0FC92295B731900114537 /* Sources */ = {
			isa = PBXSourcesBuildPhase;
			buildActionMask = 2147483647;
			files = (
				9FA0FC9C295B731900114537 /* ContentView.swift in Sources */,
				9FC8FAE729633C2C004707AF /* AddCoffeeOrderView.swift in Sources */,
				9FA0FC9A295B731900114537 /* CoffeeOrderingApp.swift in Sources */,
				9FC8FAE529633919004707AF /* CoffeeViewModel.swift in Sources */,
				9FA0FCAB295B7EFD00114537 /* Order.swift in Sources */,
				9FA0FCB7295B90E700114537 /* CreateOrderResponse.swift in Sources */,
				9FA0FCB5295B8C2F00114537 /* OrderListView.swift in Sources */,
				9FA0FCB2295B8AE900114537 /* OrderListViewModel.swift in Sources */,
				9FA0FCAE295B80E100114537 /* WebService.swift in Sources */,
				9FA0FCA9295B736700114537 /* Coffee.swift in Sources */,
				9FC8FAE929634584004707AF /* OrderTotalView.swift in Sources */,
				9FC8FAE32963363F004707AF /* AddCoffeeOrderViewModel.swift in Sources */,
			);
			runOnlyForDeploymentPostprocessing = 0;
		};
/* End PBXSourcesBuildPhase section */

/* Begin XCBuildConfiguration section */
		9FA0FCA2295B731A00114537 /* Debug */ = {
			isa = XCBuildConfiguration;
			buildSettings = {
				ALWAYS_SEARCH_USER_PATHS = NO;
				CLANG_ANALYZER_NONNULL = YES;
				CLANG_ANALYZER_NUMBER_OBJECT_CONVERSION = YES_AGGRESSIVE;
				CLANG_CXX_LANGUAGE_STANDARD = "gnu++20";
				CLANG_ENABLE_MODULES = YES;
				CLANG_ENABLE_OBJC_ARC = YES;
				CLANG_ENABLE_OBJC_WEAK = YES;
				CLANG_WARN_BLOCK_CAPTURE_AUTORELEASING = YES;
				CLANG_WARN_BOOL_CONVERSION = YES;
				CLANG_WARN_COMMA = YES;
				CLANG_WARN_CONSTANT_CONVERSION = YES;
				CLANG_WARN_DEPRECATED_OBJC_IMPLEMENTATIONS = YES;
				CLANG_WARN_DIRECT_OBJC_ISA_USAGE = YES_ERROR;
				CLANG_WARN_DOCUMENTATION_COMMENTS = YES;
				CLANG_WARN_EMPTY_BODY = YES;
				CLANG_WARN_ENUM_CONVERSION = YES;
				CLANG_WARN_INFINITE_RECURSION = YES;
				CLANG_WARN_INT_CONVERSION = YES;
				CLANG_WARN_NON_LITERAL_NULL_CONVERSION = YES;
				CLANG_WARN_OBJC_IMPLICIT_RETAIN_SELF = YES;
				CLANG_WARN_OBJC_LITERAL_CONVERSION = YES;
				CLANG_WARN_OBJC_ROOT_CLASS = YES_ERROR;
				CLANG_WARN_QUOTED_INCLUDE_IN_FRAMEWORK_HEADER = YES;
				CLANG_WARN_RANGE_LOOP_ANALYSIS = YES;
				CLANG_WARN_STRICT_PROTOTYPES = YES;
				CLANG_WARN_SUSPICIOUS_MOVE = YES;
				CLANG_WARN_UNGUARDED_AVAILABILITY = YES_AGGRESSIVE;
				CLANG_WARN_UNREACHABLE_CODE = YES;
				CLANG_WARN__DUPLICATE_METHOD_MATCH = YES;
				COPY_PHASE_STRIP = NO;
				DEBUG_INFORMATION_FORMAT = dwarf;
				ENABLE_STRICT_OBJC_MSGSEND = YES;
				ENABLE_TESTABILITY = YES;
				GCC_C_LANGUAGE_STANDARD = gnu11;
				GCC_DYNAMIC_NO_PIC = NO;
				GCC_NO_COMMON_BLOCKS = YES;
				GCC_OPTIMIZATION_LEVEL = 0;
				GCC_PREPROCESSOR_DEFINITIONS = (
					"DEBUG=1",
					"$(inherited)",
				);
				GCC_WARN_64_TO_32_BIT_CONVERSION = YES;
				GCC_WARN_ABOUT_RETURN_TYPE = YES_ERROR;
				GCC_WARN_UNDECLARED_SELECTOR = YES;
				GCC_WARN_UNINITIALIZED_AUTOS = YES_AGGRESSIVE;
				GCC_WARN_UNUSED_FUNCTION = YES;
				GCC_WARN_UNUSED_VARIABLE = YES;
				IPHONEOS_DEPLOYMENT_TARGET = 16.2;
				MTL_ENABLE_DEBUG_INFO = INCLUDE_SOURCE;
				MTL_FAST_MATH = YES;
				ONLY_ACTIVE_ARCH = YES;
				SDKROOT = iphoneos;
				SWIFT_ACTIVE_COMPILATION_CONDITIONS = DEBUG;
				SWIFT_OPTIMIZATION_LEVEL = "-Onone";
			};
			name = Debug;
		};
		9FA0FCA3295B731A00114537 /* Release */ = {
			isa = XCBuildConfiguration;
			buildSettings = {
				ALWAYS_SEARCH_USER_PATHS = NO;
				CLANG_ANALYZER_NONNULL = YES;
				CLANG_ANALYZER_NUMBER_OBJECT_CONVERSION = YES_AGGRESSIVE;
				CLANG_CXX_LANGUAGE_STANDARD = "gnu++20";
				CLANG_ENABLE_MODULES = YES;
				CLANG_ENABLE_OBJC_ARC = YES;
				CLANG_ENABLE_OBJC_WEAK = YES;
				CLANG_WARN_BLOCK_CAPTURE_AUTORELEASING = YES;
				CLANG_WARN_BOOL_CONVERSION = YES;
				CLANG_WARN_COMMA = YES;
				CLANG_WARN_CONSTANT_CONVERSION = YES;
				CLANG_WARN_DEPRECATED_OBJC_IMPLEMENTATIONS = YES;
				CLANG_WARN_DIRECT_OBJC_ISA_USAGE = YES_ERROR;
				CLANG_WARN_DOCUMENTATION_COMMENTS = YES;
				CLANG_WARN_EMPTY_BODY = YES;
				CLANG_WARN_ENUM_CONVERSION = YES;
				CLANG_WARN_INFINITE_RECURSION = YES;
				CLANG_WARN_INT_CONVERSION = YES;
				CLANG_WARN_NON_LITERAL_NULL_CONVERSION = YES;
				CLANG_WARN_OBJC_IMPLICIT_RETAIN_SELF = YES;
				CLANG_WARN_OBJC_LITERAL_CONVERSION = YES;
				CLANG_WARN_OBJC_ROOT_CLASS = YES_ERROR;
				CLANG_WARN_QUOTED_INCLUDE_IN_FRAMEWORK_HEADER = YES;
				CLANG_WARN_RANGE_LOOP_ANALYSIS = YES;
				CLANG_WARN_STRICT_PROTOTYPES = YES;
				CLANG_WARN_SUSPICIOUS_MOVE = YES;
				CLANG_WARN_UNGUARDED_AVAILABILITY = YES_AGGRESSIVE;
				CLANG_WARN_UNREACHABLE_CODE = YES;
				CLANG_WARN__DUPLICATE_METHOD_MATCH = YES;
				COPY_PHASE_STRIP = NO;
				DEBUG_INFORMATION_FORMAT = "dwarf-with-dsym";
				ENABLE_NS_ASSERTIONS = NO;
				ENABLE_STRICT_OBJC_MSGSEND = YES;
				GCC_C_LANGUAGE_STANDARD = gnu11;
				GCC_NO_COMMON_BLOCKS = YES;
				GCC_WARN_64_TO_32_BIT_CONVERSION = YES;
				GCC_WARN_ABOUT_RETURN_TYPE = YES_ERROR;
				GCC_WARN_UNDECLARED_SELECTOR = YES;
				GCC_WARN_UNINITIALIZED_AUTOS = YES_AGGRESSIVE;
				GCC_WARN_UNUSED_FUNCTION = YES;
				GCC_WARN_UNUSED_VARIABLE = YES;
				IPHONEOS_DEPLOYMENT_TARGET = 16.2;
				MTL_ENABLE_DEBUG_INFO = NO;
				MTL_FAST_MATH = YES;
				SDKROOT = iphoneos;
				SWIFT_COMPILATION_MODE = wholemodule;
				SWIFT_OPTIMIZATION_LEVEL = "-O";
				VALIDATE_PRODUCT = YES;
			};
			name = Release;
		};
		9FA0FCA5295B731A00114537 /* Debug */ = {
			isa = XCBuildConfiguration;
			buildSettings = {
				ASSETCATALOG_COMPILER_APPICON_NAME = AppIcon;
				ASSETCATALOG_COMPILER_GLOBAL_ACCENT_COLOR_NAME = AccentColor;
				CODE_SIGN_STYLE = Automatic;
				CURRENT_PROJECT_VERSION = 1;
				DEVELOPMENT_ASSET_PATHS = "\"CoffeeOrdering/Preview Content\"";
				DEVELOPMENT_TEAM = H63FH2UL6W;
				ENABLE_PREVIEWS = YES;
				GENERATE_INFOPLIST_FILE = YES;
				INFOPLIST_FILE = CoffeeOrdering/Info.plist;
				INFOPLIST_KEY_UIApplicationSceneManifest_Generation = YES;
				INFOPLIST_KEY_UIApplicationSupportsIndirectInputEvents = YES;
				INFOPLIST_KEY_UILaunchScreen_Generation = YES;
				INFOPLIST_KEY_UISupportedInterfaceOrientations_iPad = "UIInterfaceOrientationPortrait UIInterfaceOrientationPortraitUpsideDown UIInterfaceOrientationLandscapeLeft UIInterfaceOrientationLandscapeRight";
				INFOPLIST_KEY_UISupportedInterfaceOrientations_iPhone = "UIInterfaceOrientationPortrait UIInterfaceOrientationLandscapeLeft UIInterfaceOrientationLandscapeRight";
				LD_RUNPATH_SEARCH_PATHS = (
					"$(inherited)",
					"@executable_path/Frameworks",
				);
				MARKETING_VERSION = 1.0;
				PRODUCT_BUNDLE_IDENTIFIER = com.griaule.CoffeeOrdering;
				PRODUCT_NAME = "$(TARGET_NAME)";
				SWIFT_EMIT_LOC_STRINGS = YES;
				SWIFT_VERSION = 5.0;
				TARGETED_DEVICE_FAMILY = "1,2";
			};
			name = Debug;
		};
		9FA0FCA6295B731A00114537 /* Release */ = {
			isa = XCBuildConfiguration;
			buildSettings = {
				ASSETCATALOG_COMPILER_APPICON_NAME = AppIcon;
				ASSETCATALOG_COMPILER_GLOBAL_ACCENT_COLOR_NAME = AccentColor;
				CODE_SIGN_STYLE = Automatic;
				CURRENT_PROJECT_VERSION = 1;
				DEVELOPMENT_ASSET_PATHS = "\"CoffeeOrdering/Preview Content\"";
				DEVELOPMENT_TEAM = H63FH2UL6W;
				ENABLE_PREVIEWS = YES;
				GENERATE_INFOPLIST_FILE = YES;
				INFOPLIST_FILE = CoffeeOrdering/Info.plist;
				INFOPLIST_KEY_UIApplicationSceneManifest_Generation = YES;
				INFOPLIST_KEY_UIApplicationSupportsIndirectInputEvents = YES;
				INFOPLIST_KEY_UILaunchScreen_Generation = YES;
				INFOPLIST_KEY_UISupportedInterfaceOrientations_iPad = "UIInterfaceOrientationPortrait UIInterfaceOrientationPortraitUpsideDown UIInterfaceOrientationLandscapeLeft UIInterfaceOrientationLandscapeRight";
				INFOPLIST_KEY_UISupportedInterfaceOrientations_iPhone = "UIInterfaceOrientationPortrait UIInterfaceOrientationLandscapeLeft UIInterfaceOrientationLandscapeRight";
				LD_RUNPATH_SEARCH_PATHS = (
					"$(inherited)",
					"@executable_path/Frameworks",
				);
				MARKETING_VERSION = 1.0;
				PRODUCT_BUNDLE_IDENTIFIER = com.griaule.CoffeeOrdering;
				PRODUCT_NAME = "$(TARGET_NAME)";
				SWIFT_EMIT_LOC_STRINGS = YES;
				SWIFT_VERSION = 5.0;
				TARGETED_DEVICE_FAMILY = "1,2";
			};
			name = Release;
		};
/* End XCBuildConfiguration section */

/* Begin XCConfigurationList section */
		9FA0FC91295B731900114537 /* Build configuration list for PBXProject "CoffeeOrdering" */ = {
			isa = XCConfigurationList;
			buildConfigurations = (
				9FA0FCA2295B731A00114537 /* Debug */,
				9FA0FCA3295B731A00114537 /* Release */,
			);
			defaultConfigurationIsVisible = 0;
			defaultConfigurationName = Release;
		};
		9FA0FCA4295B731A00114537 /* Build configuration list for PBXNativeTarget "CoffeeOrdering" */ = {
			isa = XCConfigurationList;
			buildConfigurations = (
				9FA0FCA5295B731A00114537 /* Debug */,
				9FA0FCA6295B731A00114537 /* Release */,
			);
			defaultConfigurationIsVisible = 0;
			defaultConfigurationName = Release;
		};
/* End XCConfigurationList section */
	};
	rootObject = 9FA0FC8E295B731900114537 /* Project object */;
}
